
Microsoft Visual Studio Solution File, Format Version 12.00
# Visual Studio Version 17
VisualStudioVersion = 17.0.32126.317
MinimumVisualStudioVersion = 10.0.40219.1
Project("{8BC9CEB8-8B4A-11D0-8D11-00A0C91BC942}") = "ProjectInstallOpenGL", "ArnalAngerLeo_BezierProject.vcxproj", "{7697B3DE-5904-4A0B-86BD-B8DC0D2DDD2F}"
EndProject
Global
	GlobalSection(SolutionConfigurationPlatforms) = preSolution
		Debug|x64 = Debug|x64
		Debug|x86 = Debug|x86
		Release|x64 = Release|x64
		Release|x86 = Release|x86
	EndGlobalSection
	GlobalSection(ProjectConfigurationPlatforms) = postSolution
		{7697B3DE-5904-4A0B-86BD-B8DC0D2DDD2F}.Debug|x64.ActiveCfg = Debug|x64
		{7697B3DE-5904-4A0B-86BD-B8DC0D2DDD2F}.Debug|x64.Build.0 = Debug|x64
		{7697B3DE-5904-4A0B-86BD-B8DC0D2DDD2F}.Debug|x86.ActiveCfg = Debug|Win32
		{7697B3DE-5904-4A0B-86BD-B8DC0D2DDD2F}.Debug|x86.Build.0 = Debug|Win32
		{7697B3DE-5904-4A0B-86BD-B8DC0D2DDD2F}.Release|x64.ActiveCfg = Release|x64
		{7697B3DE-5904-4A0B-86BD-B8DC0D2DDD2F}.Release|x64.Build.0 = Release|x64
		{7697B3DE-5904-4A0B-86BD-B8DC0D2DDD2F}.Release|x86.ActiveCfg = Release|Win32
		{7697B3DE-5904-4A0B-86BD-B8DC0D2DDD2F}.Release|x86.Build.0 = Release|Win32
	EndGlobalSection
	GlobalSection(SolutionProperties) = preSolution
		HideSolutionNode = FALSE
	EndGlobalSection
	GlobalSection(ExtensibilityGlobals) = postSolution
		SolutionGuid = {BF9EDC3F-D2A7-4024-AB13-FA233B385463}
	EndGlobalSection
EndGlobal
